// !$*UTF8*$!
{
	archiveVersion = 1;
	classes = {
	};
	objectVersion = 46;
	objects = {

/* Begin PBXBuildFile section */
		22EB93161F4CD8B000D2F509 /* AppDelegate.swift in Sources */ = {isa = PBXBuildFile; fileRef = 22EB93151F4CD8B000D2F509 /* AppDelegate.swift */; };
		22EB93181F4CD8B000D2F509 /* ViewController.swift in Sources */ = {isa = PBXBuildFile; fileRef = 22EB93171F4CD8B000D2F509 /* ViewController.swift */; };
		22EB931B1F4CD8B000D2F509 /* Main.storyboard in Resources */ = {isa = PBXBuildFile; fileRef = 22EB93191F4CD8B000D2F509 /* Main.storyboard */; };
		22EB931D1F4CD8B000D2F509 /* Assets.xcassets in Resources */ = {isa = PBXBuildFile; fileRef = 22EB931C1F4CD8B000D2F509 /* Assets.xcassets */; };
		22EB93201F4CD8B000D2F509 /* LaunchScreen.storyboard in Resources */ = {isa = PBXBuildFile; fileRef = 22EB931E1F4CD8B000D2F509 /* LaunchScreen.storyboard */; };
/* End PBXBuildFile section */

/* Begin PBXFileReference section */
		22EB93121F4CD8B000D2F509 /* DestroyWorld.app */ = {isa = PBXFileReference; explicitFileType = wrapper.application; includeInIndex = 0; path = DestroyWorld.app; sourceTree = BUILT_PRODUCTS_DIR; };
		22EB93151F4CD8B000D2F509 /* AppDelegate.swift */ = {isa = PBXFileReference; lastKnownFileType = sourcecode.swift; path = AppDelegate.swift; sourceTree = "<group>"; };
		22EB93171F4CD8B000D2F509 /* ViewController.swift */ = {isa = PBXFileReference; lastKnownFileType = sourcecode.swift; path = ViewController.swift; sourceTree = "<group>"; };
		22EB931A1F4CD8B000D2F509 /* Base */ = {isa = PBXFileReference; lastKnownFileType = file.storyboard; name = Base; path = Base.lproj/Main.storyboard; sourceTree = "<group>"; };
		22EB931C1F4CD8B000D2F509 /* Assets.xcassets */ = {isa = PBXFileReference; lastKnownFileType = folder.assetcatalog; path = Assets.xcassets; sourceTree = "<group>"; };
		22EB931F1F4CD8B000D2F509 /* Base */ = {isa = PBXFileReference; lastKnownFileType = file.storyboard; name = Base; path = Base.lproj/LaunchScreen.storyboard; sourceTree = "<group>"; };
		22EB93211F4CD8B000D2F509 /* Info.plist */ = {isa = PBXFileReference; lastKnownFileType = text.plist.xml; path = Info.plist; sourceTree = "<group>"; };
/* End PBXFileReference section */

/* Begin PBXFrameworksBuildPhase section */
		22EB930F1F4CD8B000D2F509 /* Frameworks */ = {
			isa = PBXFrameworksBuildPhase;
			buildActionMask = 2147483647;
			files = (
			);
			runOnlyForDeploymentPostprocessing = 0;
		};
/* End PBXFrameworksBuildPhase section */

/* Begin PBXGroup section */
		22EB93091F4CD8B000D2F509 = {
			isa = PBXGroup;
			children = (
				22EB93141F4CD8B000D2F509 /* DestroyWorld */,
				22EB93131F4CD8B000D2F509 /* Products */,
			);
			sourceTree = "<group>";
		};
		22EB93131F4CD8B000D2F509 /* Products */ = {
			isa = PBXGroup;
			children = (
				22EB93121F4CD8B000D2F509 /* DestroyWorld.app */,
			);
			name = Products;
			sourceTree = "<group>";
		};
		22EB93141F4CD8B000D2F509 /* DestroyWorld */ = {
			isa = PBXGroup;
			children = (
				22EB93151F4CD8B000D2F509 /* AppDelegate.swift */,
				22EB93171F4CD8B000D2F509 /* ViewController.swift */,
				22EB93191F4CD8B000D2F509 /* Main.storyboard */,
				22EB931C1F4CD8B000D2F509 /* Assets.xcassets */,
				22EB931E1F4CD8B000D2F509 /* LaunchScreen.storyboard */,
				22EB93211F4CD8B000D2F509 /* Info.plist */,
			);
			path = DestroyWorld;
			sourceTree = "<group>";
		};
/* End PBXGroup section */

/* Begin PBXNativeTarget section */
		22EB93111F4CD8B000D2F509 /* DestroyWorld */ = {
			isa = PBXNativeTarget;
			buildConfigurationList = 22EB93241F4CD8B000D2F509 /* Build configuration list for PBXNativeTarget "DestroyWorld" */;
			buildPhases = (
				22EB930E1F4CD8B000D2F509 /* Sources */,
				22EB930F1F4CD8B000D2F509 /* Frameworks */,
				22EB93101F4CD8B000D2F509 /* Resources */,
			);
			buildRules = (
			);
			dependencies = (
			);
			name = DestroyWorld;
			productName = DestroyWorld;
			productReference = 22EB93121F4CD8B000D2F509 /* DestroyWorld.app */;
			productType = "com.apple.product-type.application";
		};
/* End PBXNativeTarget section */

/* Begin PBXProject section */
		22EB930A1F4CD8B000D2F509 /* Project object */ = {
			isa = PBXProject;
			attributes = {
				LastSwiftUpdateCheck = 0830;
				LastUpgradeCheck = 0830;
				ORGANIZATIONNAME = "MAC OS";
				TargetAttributes = {
					22EB93111F4CD8B000D2F509 = {
						CreatedOnToolsVersion = 8.3.3;
						ProvisioningStyle = Automatic;
					};
				};
			};
			buildConfigurationList = 22EB930D1F4CD8B000D2F509 /* Build configuration list for PBXProject "DestroyWorld" */;
			compatibilityVersion = "Xcode 3.2";
			developmentRegion = English;
			hasScannedForEncodings = 0;
			knownRegions = (
				en,
				Base,
			);
			mainGroup = 22EB93091F4CD8B000D2F509;
			productRefGroup = 22EB93131F4CD8B000D2F509 /* Products */;
			projectDirPath = "";
			projectRoot = "";
			targets = (
				22EB93111F4CD8B000D2F509 /* DestroyWorld */,
			);
		};
/* End PBXProject section */

/* Begin PBXResourcesBuildPhase section */
		22EB93101F4CD8B000D2F509 /* Resources */ = {
			isa = PBXResourcesBuildPhase;
			buildActionMask = 2147483647;
			files = (
				22EB93201F4CD8B000D2F509 /* LaunchScreen.storyboard in Resources */,
				22EB931D1F4CD8B000D2F509 /* Assets.xcassets in Resources */,
				22EB931B1F4CD8B000D2F509 /* Main.storyboard in Resources */,
			);
			runOnlyForDeploymentPostprocessing = 0;
		};
/* End PBXResourcesBuildPhase section */

/* Begin PBXSourcesBuildPhase section */
		22EB930E1F4CD8B000D2F509 /* Sources */ = {
			isa = PBXSourcesBuildPhase;
			buildActionMask = 2147483647;
			files = (
				22EB93181F4CD8B000D2F509 /* ViewController.swift in Sources */,
				22EB93161F4CD8B000D2F509 /* AppDelegate.swift in Sources */,
			);
			runOnlyForDeploymentPostprocessing = 0;
		};
/* End PBXSourcesBuildPhase section */

/* Begin PBXVariantGroup section */
		22EB93191F4CD8B000D2F509 /* Main.storyboard */ = {
			isa = PBXVariantGroup;
			children = (
				22EB931A1F4CD8B000D2F509 /* Base */,
			);
			name = Main.storyboard;
			sourceTree = "<group>";
		};
		22EB931E1F4CD8B000D2F509 /* LaunchScreen.storyboard */ = {
			isa = PBXVariantGroup;
			children = (
				22EB931F1F4CD8B000D2F509 /* Base */,
			);
			name = LaunchScreen.storyboard;
			sourceTree = "<group>";
		};
/* End PBXVariantGroup section */

/* Begin XCBuildConfiguration section */
		22EB93221F4CD8B000D2F509 /* Debug */ = {
			isa = XCBuildConfiguration;
			buildSettings = {
				ALWAYS_SEARCH_USER_PATHS = NO;
				CLANG_ANALYZER_NONNULL = YES;
				CLANG_ANALYZER_NUMBER_OBJECT_CONVERSION = YES_AGGRESSIVE;
				CLANG_CXX_LANGUAGE_STANDARD = "gnu++0x";
				CLANG_CXX_LIBRARY = "libc++";
				CLANG_ENABLE_MODULES = YES;
				CLANG_ENABLE_OBJC_ARC = YES;
				CLANG_WARN_BOOL_CONVERSION = YES;
				CLANG_WARN_CONSTANT_CONVERSION = YES;
				CLANG_WARN_DIRECT_OBJC_ISA_USAGE = YES_ERROR;
				CLANG_WARN_DOCUMENTATION_COMMENTS = YES;
				CLANG_WARN_EMPTY_BODY = YES;
				CLANG_WARN_ENUM_CONVERSION = YES;
				CLANG_WARN_INFINITE_RECURSION = YES;
				CLANG_WARN_INT_CONVERSION = YES;
				CLANG_WARN_OBJC_ROOT_CLASS = YES_ERROR;
				CLANG_WARN_SUSPICIOUS_MOVE = YES;
				CLANG_WARN_UNREACHABLE_CODE = YES;
				CLANG_WARN__DUPLICATE_METHOD_MATCH = YES;
				"CODE_SIGN_IDENTITY[sdk=iphoneos*]" = "iPhone Developer";
				COPY_PHASE_STRIP = NO;
				DEBUG_INFORMATION_FORMAT = dwarf;
				ENABLE_STRICT_OBJC_MSGSEND = YES;
				ENABLE_TESTABILITY = YES;
				GCC_C_LANGUAGE_STANDARD = gnu99;
				GCC_DYNAMIC_NO_PIC = NO;
				GCC_NO_COMMON_BLOCKS = YES;
				GCC_OPTIMIZATION_LEVEL = 0;
				GCC_PREPROCESSOR_DEFINITIONS = (
					"DEBUG=1",
					"$(inherited)",
				);
				GCC_WARN_64_TO_32_BIT_CONVERSION = YES;
				GCC_WARN_ABOUT_RETURN_TYPE = YES_ERROR;
				GCC_WARN_UNDECLARED_SELECTOR = YES;
				GCC_WARN_UNINITIALIZED_AUTOS = YES_AGGRESSIVE;
				GCC_WARN_UNUSED_FUNCTION = YES;
				GCC_WARN_UNUSED_VARIABLE = YES;
				IPHONEOS_DEPLOYMENT_TARGET = 10.3;
				MTL_ENABLE_DEBUG_INFO = YES;
				ONLY_ACTIVE_ARCH = YES;
				SDKROOT = iphoneos;
				SWIFT_ACTIVE_COMPILATION_CONDITIONS = DEBUG;
				SWIFT_OPTIMIZATION_LEVEL = "-Onone";
				TARGETED_DEVICE_FAMILY = "1,2";
			};
			name = Debug;
		};
		22EB93231F4CD8B000D2F509 /* Release */ = {
			isa = XCBuildConfiguration;
			buildSettings = {
				ALWAYS_SEARCH_USER_PATHS = NO;
				CLANG_ANALYZER_NONNULL = YES;
				CLANG_ANALYZER_NUMBER_OBJECT_CONVERSION = YES_AGGRESSIVE;
				CLANG_CXX_LANGUAGE_STANDARD = "gnu++0x";
				CLANG_CXX_LIBRARY = "libc++";
				CLANG_ENABLE_MODULES = YES;
				CLANG_ENABLE_OBJC_ARC = YES;
				CLANG_WARN_BOOL_CONVERSION = YES;
				CLANG_WARN_CONSTANT_CONVERSION = YES;
				CLANG_WARN_DIRECT_OBJC_ISA_USAGE = YES_ERROR;
				CLANG_WARN_DOCUMENTATION_COMMENTS = YES;
				CLANG_WARN_EMPTY_BODY = YES;
				CLANG_WARN_ENUM_CONVERSION = YES;
				CLANG_WARN_INFINITE_RECURSION = YES;
				CLANG_WARN_INT_CONVERSION = YES;
				CLANG_WARN_OBJC_ROOT_CLASS = YES_ERROR;
				CLANG_WARN_SUSPICIOUS_MOVE = YES;
				CLANG_WARN_UNREACHABLE_CODE = YES;
				CLANG_WARN__DUPLICATE_METHOD_MATCH = YES;
				"CODE_SIGN_IDENTITY[sdk=iphoneos*]" = "iPhone Developer";
				COPY_PHASE_STRIP = NO;
				DEBUG_INFORMATION_FORMAT = "dwarf-with-dsym";
				ENABLE_NS_ASSERTIONS = NO;
				ENABLE_STRICT_OBJC_MSGSEND = YES;
				GCC_C_LANGUAGE_STANDARD = gnu99;
				GCC_NO_COMMON_BLOCKS = YES;
				GCC_WARN_64_TO_32_BIT_CONVERSION = YES;
				GCC_WARN_ABOUT_RETURN_TYPE = YES_ERROR;
				GCC_WARN_UNDECLARED_SELECTOR = YES;
				GCC_WARN_UNINITIALIZED_AUTOS = YES_AGGRESSIVE;
				GCC_WARN_UNUSED_FUNCTION = YES;
				GCC_WARN_UNUSED_VARIABLE = YES;
				IPHONEOS_DEPLOYMENT_TARGET = 10.3;
				MTL_ENABLE_DEBUG_INFO = NO;
				SDKROOT = iphoneos;
				SWIFT_OPTIMIZATION_LEVEL = "-Owholemodule";
				TARGETED_DEVICE_FAMILY = "1,2";
				VALIDATE_PRODUCT = YES;
			};
			name = Release;
		};
		22EB93251F4CD8B000D2F509 /* Debug */ = {
			isa = XCBuildConfiguration;
			buildSettings = {
				ASSETCATALOG_COMPILER_APPICON_NAME = AppIcon;
				INFOPLIST_FILE = DestroyWorld/Info.plist;
				LD_RUNPATH_SEARCH_PATHS = "$(inherited) @executable_path/Frameworks";
				PRODUCT_BUNDLE_IDENTIFIER = com.Chetan.DestroyWorld;
				PRODUCT_NAME = "$(TARGET_NAME)";
				SWIFT_VERSION = 3.0;
			};
			name = Debug;
		};
		22EB93261F4CD8B000D2F509 /* Release */ = {
			isa = XCBuildConfiguration;
			buildSettings = {
				ASSETCATALOG_COMPILER_APPICON_NAME = AppIcon;
				INFOPLIST_FILE = DestroyWorld/Info.plist;
				LD_RUNPATH_SEARCH_PATHS = "$(inherited) @executable_path/Frameworks";
				PRODUCT_BUNDLE_IDENTIFIER = com.Chetan.DestroyWorld;
				PRODUCT_NAME = "$(TARGET_NAME)";
				SWIFT_VERSION = 3.0;
			};
			name = Release;
		};
/* End XCBuildConfiguration section */

/* Begin XCConfigurationList section */
		22EB930D1F4CD8B000D2F509 /* Build configuration list for PBXProject "DestroyWorld" */ = {
			isa = XCConfigurationList;
			buildConfigurations = (
				22EB93221F4CD8B000D2F509 /* Debug */,
				22EB93231F4CD8B000D2F509 /* Release */,
			);
			defaultConfigurationIsVisible = 0;
			defaultConfigurationName = Release;
		};
		22EB93241F4CD8B000D2F509 /* Build configuration list for PBXNativeTarget "DestroyWorld" */ = {
			isa = XCConfigurationList;
			buildConfigurations = (
				22EB93251F4CD8B000D2F509 /* Debug */,
				22EB93261F4CD8B000D2F509 /* Release */,
			);
			defaultConfigurationIsVisible = 0;
		};
/* End XCConfigurationList section */
	};
	rootObject = 22EB930A1F4CD8B000D2F509 /* Project object */;
}
